
Microsoft Visual Studio Solution File, Format Version 12.00
# Visual Studio 15
VisualStudioVersion = 15.0.28307.168
MinimumVisualStudioVersion = 10.0.40219.1
Project("{FAE04EC0-301F-11D3-BF4B-00C04F79EFBC}") = "NES_SNES_Movie_Maker", "SNESmovieMaker\NES_SNES_Movie_Maker.csproj", "{64B5A15D-9EF9-45BB-ABBD-A8AD8F6E0D17}"
EndProject
Global
	GlobalSection(SolutionConfigurationPlatforms) = preSolution
		Debug|Any CPU = Debug|Any CPU
		Release|Any CPU = Release|Any CPU
	EndGlobalSection
	GlobalSection(ProjectConfigurationPlatforms) = postSolution
		{64B5A15D-9EF9-45BB-ABBD-A8AD8F6E0D17}.Debug|Any CPU.ActiveCfg = Debug|Any CPU
		{64B5A15D-9EF9-45BB-ABBD-A8AD8F6E0D17}.Debug|Any CPU.Build.0 = Debug|Any CPU
		{64B5A15D-9EF9-45BB-ABBD-A8AD8F6E0D17}.Release|Any CPU.ActiveCfg = Release|Any CPU
		{64B5A15D-9EF9-45BB-ABBD-A8AD8F6E0D17}.Release|Any CPU.Build.0 = Release|Any CPU
	EndGlobalSection
	GlobalSection(SolutionProperties) = preSolution
		HideSolutionNode = FALSE
	EndGlobalSection
	GlobalSection(ExtensibilityGlobals) = postSolution
		SolutionGuid = {B2A5D423-F0BF-4BC8-8534-48805F14239D}
	EndGlobalSection
EndGlobal
